{
  "name": "spotify-utils",
  "lockfileVersion": 2,
  "requires": true,
  "packages": {
    "": {
      "name": "spotify-utils",
      "dependencies": {
        "axios": "^0.26.1",
        "dotenv": "^16.0.0",
        "lodash.orderby": "^4.6.0"
      },
      "devDependencies": {
        "@types/lodash.orderby": "^4.6.6",
        "@types/node": "^17.0.23",
        "@types/spotify-api": "^0.0.14",
        "typescript": "^4.6.3"
      }
    },
    "node_modules/@types/lodash": {
      "version": "4.14.181",
      "resolved": "https://registry.npmjs.org/@types/lodash/-/lodash-4.14.181.tgz",
      "integrity": "sha512-n3tyKthHJbkiWhDZs3DkhkCzt2MexYHXlX0td5iMplyfwketaOeKboEVBqzceH7juqvEg3q5oUoBFxSLu7zFag==",
      "dev": true
    },
    "node_modules/@types/lodash.orderby": {
      "version": "4.6.6",
      "resolved": "https://registry.npmjs.org/@types/lodash.orderby/-/lodash.orderby-4.6.6.tgz",
      "integrity": "sha512-wQzu6xK+bSwhu45OeMI7fjywiIZiiaBzJB8W3fwnF1SJXHoOXRLutrSnVmq4yHPOM036qsy8lx9wHQcAbXNjJw==",
      "dev": true,
      "dependencies": {
        "@types/lodash": "*"
      }
    },
    "node_modules/@types/node": {
      "version": "17.0.23",
      "resolved": "https://registry.npmjs.org/@types/node/-/node-17.0.23.tgz",
      "integrity": "sha512-UxDxWn7dl97rKVeVS61vErvw086aCYhDLyvRQZ5Rk65rZKepaFdm53GeqXaKBuOhED4e9uWq34IC3TdSdJJ2Gw==",
      "dev": true
    },
    "node_modules/@types/spotify-api": {
      "version": "0.0.14",
      "resolved": "https://registry.npmjs.org/@types/spotify-api/-/spotify-api-0.0.14.tgz",
      "integrity": "sha512-CxZsv+qHO0e0rfRKSKGpgQtDRBkam+kp0tCuo1t2HDW8dz2aU/AmR2/7ddIHfqdz9BW+wRQbadxkKhHXmZD/QA==",
      "dev": true
    },
    "node_modules/axios": {
      "version": "0.26.1",
      "resolved": "https://registry.npmjs.org/axios/-/axios-0.26.1.tgz",
      "integrity": "sha512-fPwcX4EvnSHuInCMItEhAGnaSEXRBjtzh9fOtsE6E1G6p7vl7edEeZe11QHf18+6+9gR5PbKV/sGKNaD8YaMeA==",
      "dependencies": {
        "follow-redirects": "^1.14.8"
      }
    },
    "node_modules/dotenv": {
      "version": "16.0.0",
      "resolved": "https://registry.npmjs.org/dotenv/-/dotenv-16.0.0.tgz",
      "integrity": "sha512-qD9WU0MPM4SWLPJy/r2Be+2WgQj8plChsyrCNQzW/0WjvcJQiKQJ9mH3ZgB3fxbUUxgc/11ZJ0Fi5KiimWGz2Q==",
      "engines": {
        "node": ">=12"
      }
    },
    "node_modules/follow-redirects": {
      "version": "1.14.9",
      "resolved": "https://registry.npmjs.org/follow-redirects/-/follow-redirects-1.14.9.tgz",
      "integrity": "sha512-MQDfihBQYMcyy5dhRDJUHcw7lb2Pv/TuE6xP1vyraLukNDHKbDxDNaOE3NbCAdKQApno+GPRyo1YAp89yCjK4w==",
      "funding": [
        {
          "type": "individual",
          "url": "https://github.com/sponsors/RubenVerborgh"
        }
      ],
      "engines": {
        "node": ">=4.0"
      },
      "peerDependenciesMeta": {
        "debug": {
          "optional": true
        }
      }
    },
    "node_modules/lodash.orderby": {
      "version": "4.6.0",
      "resolved": "https://registry.npmjs.org/lodash.orderby/-/lodash.orderby-4.6.0.tgz",
      "integrity": "sha1-5pfwTOXXhSL1TZM4syuBozk+TrM="
    },
    "node_modules/typescript": {
      "version": "4.6.3",
      "resolved": "https://registry.npmjs.org/typescript/-/typescript-4.6.3.tgz",
      "integrity": "sha512-yNIatDa5iaofVozS/uQJEl3JRWLKKGJKh6Yaiv0GLGSuhpFJe7P3SbHZ8/yjAHRQwKRoA6YZqlfjXWmVzoVSMw==",
      "dev": true,
      "bin": {
        "tsc": "bin/tsc",
        "tsserver": "bin/tsserver"
      },
      "engines": {
        "node": ">=4.2.0"
      }
    }
  },
  "dependencies": {
    "@types/lodash": {
      "version": "4.14.181",
      "resolved": "https://registry.npmjs.org/@types/lodash/-/lodash-4.14.181.tgz",
      "integrity": "sha512-n3tyKthHJbkiWhDZs3DkhkCzt2MexYHXlX0td5iMplyfwketaOeKboEVBqzceH7juqvEg3q5oUoBFxSLu7zFag==",
      "dev": true
    },
    "@types/lodash.orderby": {
      "version": "4.6.6",
      "resolved": "https://registry.npmjs.org/@types/lodash.orderby/-/lodash.orderby-4.6.6.tgz",
      "integrity": "sha512-wQzu6xK+bSwhu45OeMI7fjywiIZiiaBzJB8W3fwnF1SJXHoOXRLutrSnVmq4yHPOM036qsy8lx9wHQcAbXNjJw==",
      "dev": true,
      "requires": {
        "@types/lodash": "*"
      }
    },
    "@types/node": {
      "version": "17.0.23",
      "resolved": "https://registry.npmjs.org/@types/node/-/node-17.0.23.tgz",
      "integrity": "sha512-UxDxWn7dl97rKVeVS61vErvw086aCYhDLyvRQZ5Rk65rZKepaFdm53GeqXaKBuOhED4e9uWq34IC3TdSdJJ2Gw==",
      "dev": true
    },
    "@types/spotify-api": {
      "version": "0.0.14",
      "resolved": "https://registry.npmjs.org/@types/spotify-api/-/spotify-api-0.0.14.tgz",
      "integrity": "sha512-CxZsv+qHO0e0rfRKSKGpgQtDRBkam+kp0tCuo1t2HDW8dz2aU/AmR2/7ddIHfqdz9BW+wRQbadxkKhHXmZD/QA==",
      "dev": true
    },
    "axios": {
      "version": "0.26.1",
      "resolved": "https://registry.npmjs.org/axios/-/axios-0.26.1.tgz",
      "integrity": "sha512-fPwcX4EvnSHuInCMItEhAGnaSEXRBjtzh9fOtsE6E1G6p7vl7edEeZe11QHf18+6+9gR5PbKV/sGKNaD8YaMeA==",
      "requires": {
        "follow-redirects": "^1.14.8"
      }
    },
    "dotenv": {
      "version": "16.0.0",
      "resolved": "https://registry.npmjs.org/dotenv/-/dotenv-16.0.0.tgz",
      "integrity": "sha512-qD9WU0MPM4SWLPJy/r2Be+2WgQj8plChsyrCNQzW/0WjvcJQiKQJ9mH3ZgB3fxbUUxgc/11ZJ0Fi5KiimWGz2Q=="
    },
    "follow-redirects": {
      "version": "1.14.9",
      "resolved": "https://registry.npmjs.org/follow-redirects/-/follow-redirects-1.14.9.tgz",
      "integrity": "sha512-MQDfihBQYMcyy5dhRDJUHcw7lb2Pv/TuE6xP1vyraLukNDHKbDxDNaOE3NbCAdKQApno+GPRyo1YAp89yCjK4w=="
    },
    "lodash.orderby": {
      "version": "4.6.0",
      "resolved": "https://registry.npmjs.org/lodash.orderby/-/lodash.orderby-4.6.0.tgz",
      "integrity": "sha1-5pfwTOXXhSL1TZM4syuBozk+TrM="
    },
    "typescript": {
      "version": "4.6.3",
      "resolved": "https://registry.npmjs.org/typescript/-/typescript-4.6.3.tgz",
      "integrity": "sha512-yNIatDa5iaofVozS/uQJEl3JRWLKKGJKh6Yaiv0GLGSuhpFJe7P3SbHZ8/yjAHRQwKRoA6YZqlfjXWmVzoVSMw==",
      "dev": true
    }
  }
}
